
Microsoft Visual Studio Solution File, Format Version 12.00
# Visual Studio 2013
Project("{FAE04EC0-301F-11D3-BF4B-00C04F79EFBC}") = "UnityVS.Demo_2.CSharp", "UnityVS.Demo_2.CSharp.csproj", "{ECB1CF4C-E59F-42C9-8209-4051683E7B2A}"
EndProject
Project("{FAE04EC0-301F-11D3-BF4B-00C04F79EFBC}") = "UnityVS.Demo_2.CSharp.Editor", "UnityVS.Demo_2.CSharp.Editor.csproj", "{AC01C253-0915-895C-893C-F53D47362AE0}"
EndProject
Global
	GlobalSection(SolutionConfigurationPlatforms) = preSolution
		Debug|Any CPU = Debug|Any CPU
		Release|Any CPU = Release|Any CPU
	EndGlobalSection
	GlobalSection(ProjectConfigurationPlatforms) = postSolution
		{ECB1CF4C-E59F-42C9-8209-4051683E7B2A}.Debug|Any CPU.ActiveCfg = Debug|Any CPU
		{ECB1CF4C-E59F-42C9-8209-4051683E7B2A}.Debug|Any CPU.Build.0 = Debug|Any CPU
		{ECB1CF4C-E59F-42C9-8209-4051683E7B2A}.Release|Any CPU.ActiveCfg = Release|Any CPU
		{ECB1CF4C-E59F-42C9-8209-4051683E7B2A}.Release|Any CPU.Build.0 = Release|Any CPU
		{AC01C253-0915-895C-893C-F53D47362AE0}.Debug|Any CPU.ActiveCfg = Debug|Any CPU
		{AC01C253-0915-895C-893C-F53D47362AE0}.Debug|Any CPU.Build.0 = Debug|Any CPU
		{AC01C253-0915-895C-893C-F53D47362AE0}.Release|Any CPU.ActiveCfg = Release|Any CPU
		{AC01C253-0915-895C-893C-F53D47362AE0}.Release|Any CPU.Build.0 = Release|Any CPU
	EndGlobalSection
	GlobalSection(SolutionProperties) = preSolution
		HideSolutionNode = FALSE
	EndGlobalSection
EndGlobal
